
Microsoft Visual Studio Solution File, Format Version 12.00
# Visual Studio Version 17
VisualStudioVersion = 17.3.32825.248
MinimumVisualStudioVersion = 10.0.40219.1
Project("{2150E333-8FDC-42A3-9474-1A3956D46DE8}") = "Core", "Core", "{9D6C4836-F970-4C2C-8400-ADE11BDB498C}"
EndProject
Project("{2150E333-8FDC-42A3-9474-1A3956D46DE8}") = "infrastructure", "infrastructure", "{5CC2E96F-7EAE-4F40-A4F7-3F9C8920FD4B}"
EndProject
Project("{2150E333-8FDC-42A3-9474-1A3956D46DE8}") = "Presentation", "Presentation", "{EB75A7ED-A6DD-4FFE-B7FB-5DF206346F4B}"
EndProject
Project("{FAE04EC0-301F-11D3-BF4B-00C04F79EFBC}") = "Domain", "Domain\Domain.csproj", "{B3D9400C-F3E6-4E57-8707-9C3732311D98}"
EndProject
Project("{FAE04EC0-301F-11D3-BF4B-00C04F79EFBC}") = "Application", "Application\Application.csproj", "{36F3BB9E-4B1C-47F2-9011-5A5040129525}"
EndProject
Project("{FAE04EC0-301F-11D3-BF4B-00C04F79EFBC}") = "Persistence", "Persistence\Persistence.csproj", "{6A46B3B3-D670-45E4-8790-9AE4B845A5C5}"
EndProject
Project("{FAE04EC0-301F-11D3-BF4B-00C04F79EFBC}") = "WebApi", "WebApi\WebApi.csproj", "{DD0769B4-81C9-4124-8AC4-6590F456805E}"
EndProject
Project("{FAE04EC0-301F-11D3-BF4B-00C04F79EFBC}") = "Services", "Services\Services.csproj", "{A32114D4-5349-4110-9252-EA8694C3C354}"
EndProject
Global
	GlobalSection(SolutionConfigurationPlatforms) = preSolution
		Debug|Any CPU = Debug|Any CPU
		Release|Any CPU = Release|Any CPU
	EndGlobalSection
	GlobalSection(ProjectConfigurationPlatforms) = postSolution
		{B3D9400C-F3E6-4E57-8707-9C3732311D98}.Debug|Any CPU.ActiveCfg = Debug|Any CPU
		{B3D9400C-F3E6-4E57-8707-9C3732311D98}.Debug|Any CPU.Build.0 = Debug|Any CPU
		{B3D9400C-F3E6-4E57-8707-9C3732311D98}.Release|Any CPU.ActiveCfg = Release|Any CPU
		{B3D9400C-F3E6-4E57-8707-9C3732311D98}.Release|Any CPU.Build.0 = Release|Any CPU
		{36F3BB9E-4B1C-47F2-9011-5A5040129525}.Debug|Any CPU.ActiveCfg = Debug|Any CPU
		{36F3BB9E-4B1C-47F2-9011-5A5040129525}.Debug|Any CPU.Build.0 = Debug|Any CPU
		{36F3BB9E-4B1C-47F2-9011-5A5040129525}.Release|Any CPU.ActiveCfg = Release|Any CPU
		{36F3BB9E-4B1C-47F2-9011-5A5040129525}.Release|Any CPU.Build.0 = Release|Any CPU
		{6A46B3B3-D670-45E4-8790-9AE4B845A5C5}.Debug|Any CPU.ActiveCfg = Debug|Any CPU
		{6A46B3B3-D670-45E4-8790-9AE4B845A5C5}.Debug|Any CPU.Build.0 = Debug|Any CPU
		{6A46B3B3-D670-45E4-8790-9AE4B845A5C5}.Release|Any CPU.ActiveCfg = Release|Any CPU
		{6A46B3B3-D670-45E4-8790-9AE4B845A5C5}.Release|Any CPU.Build.0 = Release|Any CPU
		{DD0769B4-81C9-4124-8AC4-6590F456805E}.Debug|Any CPU.ActiveCfg = Debug|Any CPU
		{DD0769B4-81C9-4124-8AC4-6590F456805E}.Debug|Any CPU.Build.0 = Debug|Any CPU
		{DD0769B4-81C9-4124-8AC4-6590F456805E}.Release|Any CPU.ActiveCfg = Release|Any CPU
		{DD0769B4-81C9-4124-8AC4-6590F456805E}.Release|Any CPU.Build.0 = Release|Any CPU
		{A32114D4-5349-4110-9252-EA8694C3C354}.Debug|Any CPU.ActiveCfg = Debug|Any CPU
		{A32114D4-5349-4110-9252-EA8694C3C354}.Debug|Any CPU.Build.0 = Debug|Any CPU
		{A32114D4-5349-4110-9252-EA8694C3C354}.Release|Any CPU.ActiveCfg = Release|Any CPU
		{A32114D4-5349-4110-9252-EA8694C3C354}.Release|Any CPU.Build.0 = Release|Any CPU
	EndGlobalSection
	GlobalSection(SolutionProperties) = preSolution
		HideSolutionNode = FALSE
	EndGlobalSection
	GlobalSection(NestedProjects) = preSolution
		{B3D9400C-F3E6-4E57-8707-9C3732311D98} = {9D6C4836-F970-4C2C-8400-ADE11BDB498C}
		{36F3BB9E-4B1C-47F2-9011-5A5040129525} = {9D6C4836-F970-4C2C-8400-ADE11BDB498C}
		{6A46B3B3-D670-45E4-8790-9AE4B845A5C5} = {5CC2E96F-7EAE-4F40-A4F7-3F9C8920FD4B}
		{DD0769B4-81C9-4124-8AC4-6590F456805E} = {EB75A7ED-A6DD-4FFE-B7FB-5DF206346F4B}
		{A32114D4-5349-4110-9252-EA8694C3C354} = {5CC2E96F-7EAE-4F40-A4F7-3F9C8920FD4B}
	EndGlobalSection
	GlobalSection(ExtensibilityGlobals) = postSolution
		SolutionGuid = {027C6AD0-C589-4245-9362-59F7442A2547}
	EndGlobalSection
EndGlobal
